
Microsoft Visual Studio Solution File, Format Version 12.00
# Visual Studio Version 16
VisualStudioVersion = 16.0.32002.261
MinimumVisualStudioVersion = 10.0.40219.1
Project("{FAE04EC0-301F-11D3-BF4B-00C04F79EFBC}") = "LsTool", "LsTool.csproj", "{1019CBB4-75BA-431D-997F-B9786D9050BA}"
EndProject
Global
	GlobalSection(SolutionConfigurationPlatforms) = preSolution
		Debug|Any CPU = Debug|Any CPU
		Release|Any CPU = Release|Any CPU
	EndGlobalSection
	GlobalSection(ProjectConfigurationPlatforms) = postSolution
		{1019CBB4-75BA-431D-997F-B9786D9050BA}.Debug|Any CPU.ActiveCfg = Debug|Any CPU
		{1019CBB4-75BA-431D-997F-B9786D9050BA}.Debug|Any CPU.Build.0 = Debug|Any CPU
		{1019CBB4-75BA-431D-997F-B9786D9050BA}.Release|Any CPU.ActiveCfg = Release|Any CPU
		{1019CBB4-75BA-431D-997F-B9786D9050BA}.Release|Any CPU.Build.0 = Release|Any CPU
	EndGlobalSection
	GlobalSection(SolutionProperties) = preSolution
		HideSolutionNode = FALSE
	EndGlobalSection
	GlobalSection(ExtensibilityGlobals) = postSolution
		SolutionGuid = {4B86922F-0135-4CF1-970C-CC291FD2C0AE}
	EndGlobalSection
EndGlobal
